<Solution>
  <Folder Name="/Solution Items/">
    <File Path=".editorconfig" />
  </Folder>
  <Folder Name="/src/">
    <Project Path="src/FleetTrack.API/FleetTrack.API.csproj" />
    <Project Path="src/FleetTrack.Application/FleetTrack.Application.csproj" Id="1c78c1ca-ee16-472d-9ca9-10c164e1d2b0" />
    <Project Path="src/FleetTrack.Domain/FleetTrack.Domain.csproj" Id="9f2b995f-2a39-4a6b-8726-14f3d9cb8791" />
    <Project Path="src/FleetTrack.Infrastructure/FleetTrack.Infrastructure.csproj" Id="548898a0-d025-4daf-9124-097e3c018df8" />
  </Folder>
  <Folder Name="/tests/">
    <Project Path="tests/FleetTrack.ArchitectureTests/FleetTrack.ArchitectureTests.csproj" Id="b556fd33-2907-4af1-a925-af7db29e2c14" />
    <Project Path="tests/FleetTrack.IntegrationTests/FleetTrack.IntegrationTests.csproj" Id="41f3feee-12d4-4edc-8b55-1f62714e82e0" />
    <Project Path="tests/FleetTrack.UnitTests/FleetTrack.UnitTests.csproj" Id="73d488b7-7daa-4e9d-8ace-8ad2cf90769c" />
  </Folder>
</Solution>
